# THIS IS AN AUTOGENERATED FILE. DO NOT EDIT THIS FILE DIRECTLY.
# yarn lockfile v1


"@babel/polyfill@^7.4.0":
  version "7.4.4"
  resolved "https://registry.yarnpkg.com/@babel/polyfill/-/polyfill-7.4.4.tgz#78801cf3dbe657844eeabf31c1cae3828051e893"
  integrity sha512-WlthFLfhQQhh+A2Gn5NSFl0Huxz36x86Jn+E9OW7ibK8edKPq+KLy4apM1yDpQ8kJOVi1OVjpP4vSDLdrI04dg==
  dependencies:
    core-js "^2.6.5"
    regenerator-runtime "^0.13.2"

"@coreui/coreui-plugin-npm-postinstall@^1.0.2":
  version "1.0.2"
  resolved "https://registry.yarnpkg.com/@coreui/coreui-plugin-npm-postinstall/-/coreui-plugin-npm-postinstall-1.0.2.tgz#6daeb2ec786580d9c0849b05bc3e8d0222d5c463"
  integrity sha512-yeeoWp+bNS84nP1977Y8UCiQ9pssO+f4QuVj3i0/gYZFjjvOgxx0dnyWhtowD5sLYnCRMPlPpqyjwXze3SlkYg==

"@coreui/coreui@^2.1.9":
  version "2.1.9"
  resolved "https://registry.yarnpkg.com/@coreui/coreui/-/coreui-2.1.9.tgz#3a38cd73299a1db8db5c25c175d87945c6063f66"
  integrity sha512-AsGgZgH4UBivCU5M0r2hyzSO0c+YI7ZnPbQDD63F+hrCVGbz3YH+HXqGLWAhoVVjTW8haT9dDn/d8y5AUtAm6A==
  dependencies:
    "@babel/polyfill" "^7.4.0"
    "@coreui/coreui-plugin-npm-postinstall" "^1.0.2"
    bootstrap "^4.3.1"

"@fortawesome/fontawesome-free@^5.8.2":
  version "5.8.2"
  resolved "https://registry.yarnpkg.com/@fortawesome/fontawesome-free/-/fontawesome-free-5.8.2.tgz#fae4112c4fb47086f6ae167e32524b280000abd5"
  integrity sha512-E4fDUF4fbu9AxKpaQQqCN3XBnNzb/5e0Gvd9OaQsYkK574LVI57v/EqqPfIm/mC7jYbxaPNrhvT5AF+Yzwyizg==

bootstrap@^4.3.1:
  version "4.3.1"
  resolved "https://registry.yarnpkg.com/bootstrap/-/bootstrap-4.3.1.tgz#280ca8f610504d99d7b6b4bfc4b68cec601704ac"
  integrity sha512-rXqOmH1VilAt2DyPzluTi2blhk17bO7ef+zLLPlWvG494pDxcM234pJ8wTc/6R40UWizAIIMgxjvxZg5kmsbag==

core-js@^2.6.5:
  version "2.6.9"
  resolved "https://registry.yarnpkg.com/core-js/-/core-js-2.6.9.tgz#6b4b214620c834152e179323727fc19741b084f2"
  integrity sha512-HOpZf6eXmnl7la+cUdMnLvUxKNqLUzJvgIziQ0DiF3JwSImNphIqdGqzj6hIKyX04MmV0poclQ7+wjWvxQyR2A==

jquery@^3.4.0:
  version "3.4.1"
  resolved "https://registry.yarnpkg.com/jquery/-/jquery-3.4.1.tgz#714f1f8d9dde4bdfa55764ba37ef214630d80ef2"
  integrity sha512-36+AdBzCL+y6qjw5Tx7HgzeGCzC81MDDgaUP8ld2zhx58HdqXGoBd+tHdrBMiyjGQs0Hxs/MLZTu/eHNJJuWPw==

perfect-scrollbar@^1.4.0:
  version "1.4.0"
  resolved "https://registry.yarnpkg.com/perfect-scrollbar/-/perfect-scrollbar-1.4.0.tgz#5d014ef9775e1f43058a1dbae9ed1daf0e7091f1"
  integrity sha512-/2Sk/khljhdrsamjJYS5NjrH+GKEHEwh7zFSiYyxROyYKagkE4kSn2zDQDRTOMo8mpT2jikxx6yI1dG7lNP/hw==

popper.js@^1.15.0:
  version "1.15.0"
  resolved "https://registry.yarnpkg.com/popper.js/-/popper.js-1.15.0.tgz#5560b99bbad7647e9faa475c6b8056621f5a4ff2"
  integrity sha512-w010cY1oCUmI+9KwwlWki+r5jxKfTFDVoadl7MSrIujHU5MJ5OR6HTDj6Xo8aoR/QsA56x8jKjA59qGH4ELtrA==

regenerator-runtime@^0.13.2:
  version "0.13.2"
  resolved "https://registry.yarnpkg.com/regenerator-runtime/-/regenerator-runtime-0.13.2.tgz#32e59c9a6fb9b1a4aff09b4930ca2d4477343447"
  integrity sha512-S/TQAZJO+D3m9xeN1WTI8dLKBBiRgXBlTJvbWjCThHWZj9EvHK70Ff50/tYj2J/fvBY6JtFVwRuazHN2E7M9BA==
